
Microsoft Visual Studio Solution File, Format Version 12.00
# Visual Studio 15
VisualStudioVersion = 15.0.27128.1
MinimumVisualStudioVersion = 10.0.40219.1
Project("{FAE04EC0-301F-11D3-BF4B-00C04F79EFBC}") = "MouseClicker", "MouseClicker\MouseClicker.csproj", "{7611761B-35DF-4E3A-9D7F-8FEA77A7F5FA}"
EndProject
Global
	GlobalSection(SolutionConfigurationPlatforms) = preSolution
		Debug|Any CPU = Debug|Any CPU
		Release|Any CPU = Release|Any CPU
	EndGlobalSection
	GlobalSection(ProjectConfigurationPlatforms) = postSolution
		{7611761B-35DF-4E3A-9D7F-8FEA77A7F5FA}.Debug|Any CPU.ActiveCfg = Debug|Any CPU
		{7611761B-35DF-4E3A-9D7F-8FEA77A7F5FA}.Debug|Any CPU.Build.0 = Debug|Any CPU
		{7611761B-35DF-4E3A-9D7F-8FEA77A7F5FA}.Release|Any CPU.ActiveCfg = Release|Any CPU
		{7611761B-35DF-4E3A-9D7F-8FEA77A7F5FA}.Release|Any CPU.Build.0 = Release|Any CPU
	EndGlobalSection
	GlobalSection(SolutionProperties) = preSolution
		HideSolutionNode = FALSE
	EndGlobalSection
	GlobalSection(ExtensibilityGlobals) = postSolution
		SolutionGuid = {AFDE3678-E5B2-47FA-B79A-0B0A984342E6}
	EndGlobalSection
EndGlobal
